Microsoft Visual Studio Solution File, Format Version 12.00
# Visual Studio Version 17
VisualStudioVersion = 17.5.2.0
MinimumVisualStudioVersion = 10.0.40219.1
Project("{FAE04EC0-301F-11D3-BF4B-00C04F79EFBC}") = "EfCoreSmokeTest", "EfCoreSmokeTest\EfCoreSmokeTest.csproj", "{54FF9EB7-E0EB-B95E-287B-DCF4A0FCB62F}"
EndProject
Global
	GlobalSection(SolutionConfigurationPlatforms) = preSolution
		Debug|Any CPU = Debug|Any CPU
		Release|Any CPU = Release|Any CPU
	EndGlobalSection
	GlobalSection(ProjectConfigurationPlatforms) = postSolution
		{54FF9EB7-E0EB-B95E-287B-DCF4A0FCB62F}.Debug|Any CPU.ActiveCfg = Debug|Any CPU
		{54FF9EB7-E0EB-B95E-287B-DCF4A0FCB62F}.Debug|Any CPU.Build.0 = Debug|Any CPU
		{54FF9EB7-E0EB-B95E-287B-DCF4A0FCB62F}.Release|Any CPU.ActiveCfg = Release|Any CPU
		{54FF9EB7-E0EB-B95E-287B-DCF4A0FCB62F}.Release|Any CPU.Build.0 = Release|Any CPU
	EndGlobalSection
	GlobalSection(SolutionProperties) = preSolution
		HideSolutionNode = FALSE
	EndGlobalSection
	GlobalSection(ExtensibilityGlobals) = postSolution
		SolutionGuid = {534A52AD-A5C6-4AF6-8650-37CE55A7DC54}
	EndGlobalSection
EndGlobal
